Microsoft Visual Studio Solution File, Format Version 11.00
# Visual Studio 2008

Project("{5E0A1E04-1873-9E7F-44EB-B978DDE0A23E}") = "LightFairies2.0", "Assembly-CSharp-firstpass.csproj", "{19F0471C-F5E1-E583-45E4-E271C485F959}"
EndProject
Project("{5E0A1E04-1873-9E7F-44EB-B978DDE0A23E}") = "LightFairies2.0", "Assembly-CSharp.csproj", "{BFFB2334-6708-67FE-F481-54A79DF2F51C}"
EndProject
Project("{5E0A1E04-1873-9E7F-44EB-B978DDE0A23E}") = "LightFairies2.0", "Assembly-UnityScript-firstpass.unityproj", "{E03925C2-06B1-D34E-98A7-16CDE96575CA}"
EndProject
Project("{5E0A1E04-1873-9E7F-44EB-B978DDE0A23E}") = "LightFairies2.0", "Assembly-UnityScript.unityproj", "{2431BC81-296E-61AE-6AC1-6788A2A0DBCC}"
EndProject
Project("{5E0A1E04-1873-9E7F-44EB-B978DDE0A23E}") = "LightFairies2.0", "Assembly-UnityScript-Editor-firstpass.unityproj", "{68BA0306-D462-D586-7906-3B4507A9D1D7}"
EndProject
Global
	GlobalSection(SolutionConfigurationPlatforms) = preSolution
		Debug|Any CPU = Debug|Any CPU
		Release|Any CPU = Release|Any CPU
	EndGlobalSection
	GlobalSection(ProjectConfigurationPlatforms) = postSolution
		{19F0471C-F5E1-E583-45E4-E271C485F959}.Debug|Any CPU.ActiveCfg = Debug|Any CPU
		{19F0471C-F5E1-E583-45E4-E271C485F959}.Debug|Any CPU.Build.0 = Debug|Any CPU
		{19F0471C-F5E1-E583-45E4-E271C485F959}.Release|Any CPU.ActiveCfg = Release|Any CPU
		{19F0471C-F5E1-E583-45E4-E271C485F959}.Release|Any CPU.Build.0 = Release|Any CPU
		{BFFB2334-6708-67FE-F481-54A79DF2F51C}.Debug|Any CPU.ActiveCfg = Debug|Any CPU
		{BFFB2334-6708-67FE-F481-54A79DF2F51C}.Debug|Any CPU.Build.0 = Debug|Any CPU
		{BFFB2334-6708-67FE-F481-54A79DF2F51C}.Release|Any CPU.ActiveCfg = Release|Any CPU
		{BFFB2334-6708-67FE-F481-54A79DF2F51C}.Release|Any CPU.Build.0 = Release|Any CPU
		{E03925C2-06B1-D34E-98A7-16CDE96575CA}.Debug|Any CPU.ActiveCfg = Debug|Any CPU
		{E03925C2-06B1-D34E-98A7-16CDE96575CA}.Debug|Any CPU.Build.0 = Debug|Any CPU
		{E03925C2-06B1-D34E-98A7-16CDE96575CA}.Release|Any CPU.ActiveCfg = Release|Any CPU
		{E03925C2-06B1-D34E-98A7-16CDE96575CA}.Release|Any CPU.Build.0 = Release|Any CPU
		{2431BC81-296E-61AE-6AC1-6788A2A0DBCC}.Debug|Any CPU.ActiveCfg = Debug|Any CPU
		{2431BC81-296E-61AE-6AC1-6788A2A0DBCC}.Debug|Any CPU.Build.0 = Debug|Any CPU
		{2431BC81-296E-61AE-6AC1-6788A2A0DBCC}.Release|Any CPU.ActiveCfg = Release|Any CPU
		{2431BC81-296E-61AE-6AC1-6788A2A0DBCC}.Release|Any CPU.Build.0 = Release|Any CPU
		{68BA0306-D462-D586-7906-3B4507A9D1D7}.Debug|Any CPU.ActiveCfg = Debug|Any CPU
		{68BA0306-D462-D586-7906-3B4507A9D1D7}.Debug|Any CPU.Build.0 = Debug|Any CPU
		{68BA0306-D462-D586-7906-3B4507A9D1D7}.Release|Any CPU.ActiveCfg = Release|Any CPU
		{68BA0306-D462-D586-7906-3B4507A9D1D7}.Release|Any CPU.Build.0 = Release|Any CPU
	EndGlobalSection
	GlobalSection(SolutionProperties) = preSolution
		HideSolutionNode = FALSE
	EndGlobalSection
															GlobalSection(MonoDevelopProperties) = preSolution
		StartupItem = Assembly-CSharp.csproj
		Policies = $0
		$0.TextStylePolicy = $1
		$1.inheritsSet = null
		$1.scope = text/x-csharp
		$0.CSharpFormattingPolicy = $2
		$2.inheritsSet = Mono
		$2.inheritsScope = text/x-csharp
		$2.scope = text/x-csharp
		$0.TextStylePolicy = $3
		$3.FileWidth = 120
		$3.TabWidth = 4
		$3.EolMarker = Unix
		$3.inheritsSet = Mono
		$3.inheritsScope = text/plain
		$3.scope = text/plain
	EndGlobalSection

EndGlobal
